{
  "name": "ai4devs-stopwatch",
  "version": "1.0.0",
  "lockfileVersion": 3,
  "requires": true,
  "packages": {
    "": {
      "name": "ai4devs-stopwatch",
      "version": "1.0.0",
      "description": "Cronómetro y cuenta atrás online - Aplicación web moderna",
      "main": "template/index.html",
      "scripts": {
        "start": "npx http-server template -p 8000 -o",
        "serve": "python -m http.server 8000 --directory template"
      },
      "keywords": [
        "stopwatch",
        "countdown",
        "timer",
        "cronometro",
        "cuenta-atras"
      ],
      "author": "AI4Devs",
      "license": "MIT"
    }
  }
}
